// !$*UTF8*$!
{
	archiveVersion = 1;
	classes = {
	};
	objectVersion = 56;
	objects = {

/* Begin PBXBuildFile section */
		C300AE652E84CF0900C63E96 /* AWSSQS in Frameworks */ = {isa = PBXBuildFile; productRef = C300AE642E84CF0900C63E96 /* AWSSQS */; };
		C319FA172D8113080058C4B2 /* Asset.swift in Sources */ = {isa = PBXBuildFile; fileRef = C319FA132D8113070058C4B2 /* Asset.swift */; };
		C319FA182D8113080058C4B2 /* CoinGecko.swift in Sources */ = {isa = PBXBuildFile; fileRef = C319FA142D8113070058C4B2 /* CoinGecko.swift */; };
		C319FA192D8113080058C4B2 /* AnyCodable.swift in Sources */ = {isa = PBXBuildFile; fileRef = C319FA152D8113070058C4B2 /* AnyCodable.swift */; };
		C319FA1A2D8113080058C4B2 /* Chat.swift in Sources */ = {isa = PBXBuildFile; fileRef = C319FA162D8113080058C4B2 /* Chat.swift */; };
		C319FA232D8113A80058C4B2 /* Assets.xcassets in Resources */ = {isa = PBXBuildFile; fileRef = C319FA212D8113A80058C4B2 /* Assets.xcassets */; };
		C319FA242D8113A80058C4B2 /* Preview Content in Resources */ = {isa = PBXBuildFile; fileRef = C319FA222D8113A80058C4B2 /* Preview Content */; };
		C319FA2B2D8113E40058C4B2 /* ContentView.swift in Sources */ = {isa = PBXBuildFile; fileRef = C319FA272D8113E40058C4B2 /* ContentView.swift */; };
		C319FA2C2D8113E40058C4B2 /* DojoApp.swift in Sources */ = {isa = PBXBuildFile; fileRef = C319FA282D8113E40058C4B2 /* DojoApp.swift */; };
		C319FA2D2D8113E40058C4B2 /* SidebarView.swift in Sources */ = {isa = PBXBuildFile; fileRef = C319FA292D8113E40058C4B2 /* SidebarView.swift */; };
		C319FA2E2D8113E40058C4B2 /* HomePageView.swift in Sources */ = {isa = PBXBuildFile; fileRef = C319FA2A2D8113E40058C4B2 /* HomePageView.swift */; };
		C319FA342D8114180058C4B2 /* IndexesView.swift in Sources */ = {isa = PBXBuildFile; fileRef = C319FA332D8114180058C4B2 /* IndexesView.swift */; };
		C319FA372D8114210058C4B2 /* ManekiView.swift in Sources */ = {isa = PBXBuildFile; fileRef = C319FA362D8114210058C4B2 /* ManekiView.swift */; };
		C319FA3A2D8114420058C4B2 /* PortfolioView.swift in Sources */ = {isa = PBXBuildFile; fileRef = C319FA392D8114420058C4B2 /* PortfolioView.swift */; };
		C319FA3F2D81145A0058C4B2 /* SpotView.swift in Sources */ = {isa = PBXBuildFile; fileRef = C319FA3C2D81145A0058C4B2 /* SpotView.swift */; };
		C319FA402D81145A0058C4B2 /* SellCryptoView.swift in Sources */ = {isa = PBXBuildFile; fileRef = C319FA3D2D81145A0058C4B2 /* SellCryptoView.swift */; };
		C319FA412D81145A0058C4B2 /* BuyCryptoView.swift in Sources */ = {isa = PBXBuildFile; fileRef = C319FA3E2D81145A0058C4B2 /* BuyCryptoView.swift */; };
		C319FA442D836C2C0058C4B2 /* UserProfile.swift in Sources */ = {isa = PBXBuildFile; fileRef = C319FA432D836C2C0058C4B2 /* UserProfile.swift */; };
		C319FA462D836C5A0058C4B2 /* ApplePay.swift in Sources */ = {isa = PBXBuildFile; fileRef = C319FA452D836C5A0058C4B2 /* ApplePay.swift */; };
		C319FA492D836D120058C4B2 /* SharedUIView.swift in Sources */ = {isa = PBXBuildFile; fileRef = C319FA482D836D120058C4B2 /* SharedUIView.swift */; };
		C319FA972D9B7A000058C4B2 /* TopBar.swift in Sources */ = {isa = PBXBuildFile; fileRef = C319FA962D9B7A000058C4B2 /* TopBar.swift */; };
		C319FA992D9B7B000058C4B2 /* EditProfileView.swift in Sources */ = {isa = PBXBuildFile; fileRef = C319FA982D9B7B000058C4B2 /* EditProfileView.swift */; };
		C319FA4B2D837C2B0058C4B2 /* CryptoMarketFetcher.swift in Sources */ = {isa = PBXBuildFile; fileRef = C319FA4A2D837C2B0058C4B2 /* CryptoMarketFetcher.swift */; };
		C319FA4D2D837C5E0058C4B2 /* CryptoTrendCardView.swift in Sources */ = {isa = PBXBuildFile; fileRef = C319FA4C2D837C5E0058C4B2 /* CryptoTrendCardView.swift */; };
		C319FA512D86088F0058C4B2 /* GoogleService-Info.plist in Resources */ = {isa = PBXBuildFile; fileRef = C319FA502D86088F0058C4B2 /* GoogleService-Info.plist */; };
		C319FA542D8619240058C4B2 /* FirebaseAnalytics in Frameworks */ = {isa = PBXBuildFile; productRef = C319FA532D8619240058C4B2 /* FirebaseAnalytics */; };
		C319FA562D8619240058C4B2 /* FirebaseAuth in Frameworks */ = {isa = PBXBuildFile; productRef = C319FA552D8619240058C4B2 /* FirebaseAuth */; };
		C319FA582D8619240058C4B2 /* FirebaseAuthCombine-Community in Frameworks */ = {isa = PBXBuildFile; productRef = C319FA572D8619240058C4B2 /* FirebaseAuthCombine-Community */; };
		C319FA5A2D8619240058C4B2 /* FirebaseDatabase in Frameworks */ = {isa = PBXBuildFile; productRef = C319FA592D8619240058C4B2 /* FirebaseDatabase */; };
		C319FA5C2D8619240058C4B2 /* FirebaseFirestore in Frameworks */ = {isa = PBXBuildFile; productRef = C319FA5B2D8619240058C4B2 /* FirebaseFirestore */; };
		C319FA5E2D8619240058C4B2 /* FirebaseFirestoreCombine-Community in Frameworks */ = {isa = PBXBuildFile; productRef = C319FA5D2D8619240058C4B2 /* FirebaseFirestoreCombine-Community */; };
		C319FA602D930C1E0058C4B2 /* DegenSplashScreenView.swift in Sources */ = {isa = PBXBuildFile; fileRef = C319FA5F2D930C1E0058C4B2 /* DegenSplashScreenView.swift */; };
		C319FA632D99B7F50058C4B2 /* AuthManager.swift in Sources */ = {isa = PBXBuildFile; fileRef = C319FA622D99B7F50058C4B2 /* AuthManager.swift */; };
		C319FA652D99BC130058C4B2 /* AuthView.swift in Sources */ = {isa = PBXBuildFile; fileRef = C319FA642D99BC130058C4B2 /* AuthView.swift */; };
		C319FA672D99C4D50058C4B2 /* AuthViewModel.swift in Sources */ = {isa = PBXBuildFile; fileRef = C319FA662D99C4D50058C4B2 /* AuthViewModel.swift */; };
		C319FA692D9B18390058C4B2 /* DegenTrendingView.swift in Sources */ = {isa = PBXBuildFile; fileRef = C319FA682D9B18390058C4B2 /* DegenTrendingView.swift */; };
		C319FA732D9B4AE20058C4B2 /* DexScreenerTokenProfile.swift in Sources */ = {isa = PBXBuildFile; fileRef = C319FA722D9B4AE20058C4B2 /* DexScreenerTokenProfile.swift */; };
		C319FA752D9B4B110058C4B2 /* DegenTrendingViewModel.swift in Sources */ = {isa = PBXBuildFile; fileRef = C319FA742D9B4B110058C4B2 /* DegenTrendingViewModel.swift */; };
		C319FA772D9B53660058C4B2 /* DegenTradeView.swift in Sources */ = {isa = PBXBuildFile; fileRef = C319FA762D9B53650058C4B2 /* DegenTradeView.swift */; };
		C319FA792D9B54B20058C4B2 /* DegenTradeModels.swift in Sources */ = {isa = PBXBuildFile; fileRef = C319FA782D9B54B20058C4B2 /* DegenTradeModels.swift */; };
		C319FA7B2D9B55920058C4B2 /* WalletSocialMediaTracker.swift in Sources */ = {isa = PBXBuildFile; fileRef = C319FA7A2D9B55920058C4B2 /* WalletSocialMediaTracker.swift */; };
		C319FA7E2D9B61170058C4B2 /* WalletViewModel.swift in Sources */ = {isa = PBXBuildFile; fileRef = C319FA7D2D9B61170058C4B2 /* WalletViewModel.swift */; };
		C319FA812D9B62210058C4B2 /* CreatePINView.swift in Sources */ = {isa = PBXBuildFile; fileRef = C319FA802D9B62210058C4B2 /* CreatePINView.swift */; };
		C319FA842D9B623A0058C4B2 /* ConfirmPINView.swift in Sources */ = {isa = PBXBuildFile; fileRef = C319FA832D9B623A0058C4B2 /* ConfirmPINView.swift */; };
		C319FA872D9B63DB0058C4B2 /* BIometricSetupView.swift in Sources */ = {isa = PBXBuildFile; fileRef = C319FA862D9B63DB0058C4B2 /* BIometricSetupView.swift */; };
		C319FA8A2D9B63F90058C4B2 /* SetupCompleteView.swift in Sources */ = {isa = PBXBuildFile; fileRef = C319FA892D9B63F90058C4B2 /* SetupCompleteView.swift */; };
		C319FA8D2D9B66530058C4B2 /* BridgeService.swift in Sources */ = {isa = PBXBuildFile; fileRef = C319FA8C2D9B66530058C4B2 /* BridgeService.swift */; };
		C319FA8E2D9B66530058C4B2 /* PINEntryView.swift in Sources */ = {isa = PBXBuildFile; fileRef = C319FA932D9B66530058C4B2 /* PINEntryView.swift */; };
		C319FA8F2D9B66E80058C4B2 /* WalletService.swift in Sources */ = {isa = PBXBuildFile; fileRef = C319FA8E2D9B66E80058C4B2 /* WalletService.swift */; };
		C319FA912DA0CB090058C4B2 /* KeychainHelper.swift in Sources */ = {isa = PBXBuildFile; fileRef = C319FA902DA0CB090058C4B2 /* KeychainHelper.swift */; };
		C319FA942DA611F10058C4B2 /* ChatroomView.swift in Sources */ = {isa = PBXBuildFile; fileRef = C319FA932DA611F10058C4B2 /* ChatroomView.swift */; };
		C319FA962DA71F420058C4B2 /* CreateIndexes.swift in Sources */ = {isa = PBXBuildFile; fileRef = C319FA952DA71F420058C4B2 /* CreateIndexes.swift */; };
		C319FA982DA7395E0058C4B2 /* News.swift in Sources */ = {isa = PBXBuildFile; fileRef = C319FA972DA7395E0058C4B2 /* News.swift */; };
		C319FA9A2DA743270058C4B2 /* Tweets.swift in Sources */ = {isa = PBXBuildFile; fileRef = C319FA992DA743270058C4B2 /* Tweets.swift */; };
		C319FAA22DAD55BB0058C4B2 /* SecureSignInFlowView.swift in Sources */ = {isa = PBXBuildFile; fileRef = C319FAA12DAD55BB0058C4B2 /* SecureSignInFlowView.swift */; };
		C319FAA42DAD64E70058C4B2 /* BiometricAuthManager.swift in Sources */ = {isa = PBXBuildFile; fileRef = C319FAA32DAD64E70058C4B2 /* BiometricAuthManager.swift */; };
		C319FAA62DAD65E70058C4B2 /* WebSocketManager.swift in Sources */ = {isa = PBXBuildFile; fileRef = C319FAA52DAD65E70058C4B2 /* WebSocketManager.swift */; };
		C38BADA12E85CD9500DF6FF2 /* .gitignore in Resources */ = {isa = PBXBuildFile; fileRef = C38BADA02E85CD9500DF6FF2 /* .gitignore */; };
/* End PBXBuildFile section */

/* Begin PBXFileReference section */
		C319FA132D8113070058C4B2 /* Asset.swift */ = {isa = PBXFileReference; fileEncoding = 4; lastKnownFileType = sourcecode.swift; path = Asset.swift; sourceTree = "<group>"; };
		C319FA142D8113070058C4B2 /* CoinGecko.swift */ = {isa = PBXFileReference; fileEncoding = 4; lastKnownFileType = sourcecode.swift; path = CoinGecko.swift; sourceTree = "<group>"; };
		C319FA152D8113070058C4B2 /* AnyCodable.swift */ = {isa = PBXFileReference; fileEncoding = 4; lastKnownFileType = sourcecode.swift; path = AnyCodable.swift; sourceTree = "<group>"; };
		C319FA162D8113080058C4B2 /* Chat.swift */ = {isa = PBXFileReference; fileEncoding = 4; lastKnownFileType = sourcecode.swift; path = Chat.swift; sourceTree = "<group>"; };
		C319FA212D8113A80058C4B2 /* Assets.xcassets */ = {isa = PBXFileReference; lastKnownFileType = folder.assetcatalog; path = Assets.xcassets; sourceTree = "<group>"; };
		C319FA222D8113A80058C4B2 /* Preview Content */ = {isa = PBXFileReference; lastKnownFileType = folder; path = "Preview Content"; sourceTree = "<group>"; };
		C319FA272D8113E40058C4B2 /* ContentView.swift */ = {isa = PBXFileReference; fileEncoding = 4; lastKnownFileType = sourcecode.swift; path = ContentView.swift; sourceTree = "<group>"; };
		C319FA282D8113E40058C4B2 /* DojoApp.swift */ = {isa = PBXFileReference; fileEncoding = 4; lastKnownFileType = sourcecode.swift; path = DojoApp.swift; sourceTree = "<group>"; };
		C319FA292D8113E40058C4B2 /* SidebarView.swift */ = {isa = PBXFileReference; fileEncoding = 4; lastKnownFileType = sourcecode.swift; path = SidebarView.swift; sourceTree = "<group>"; };
		C319FA2A2D8113E40058C4B2 /* HomePageView.swift */ = {isa = PBXFileReference; fileEncoding = 4; lastKnownFileType = sourcecode.swift; path = HomePageView.swift; sourceTree = "<group>"; };
		C319FA332D8114180058C4B2 /* IndexesView.swift */ = {isa = PBXFileReference; fileEncoding = 4; lastKnownFileType = sourcecode.swift; path = IndexesView.swift; sourceTree = "<group>"; };
		C319FA362D8114210058C4B2 /* ManekiView.swift */ = {isa = PBXFileReference; fileEncoding = 4; lastKnownFileType = sourcecode.swift; path = ManekiView.swift; sourceTree = "<group>"; };
		C319FA392D8114420058C4B2 /* PortfolioView.swift */ = {isa = PBXFileReference; fileEncoding = 4; lastKnownFileType = sourcecode.swift; path = PortfolioView.swift; sourceTree = "<group>"; };
		C319FA3C2D81145A0058C4B2 /* SpotView.swift */ = {isa = PBXFileReference; fileEncoding = 4; lastKnownFileType = sourcecode.swift; path = SpotView.swift; sourceTree = "<group>"; };
		C319FA3D2D81145A0058C4B2 /* SellCryptoView.swift */ = {isa = PBXFileReference; fileEncoding = 4; lastKnownFileType = sourcecode.swift; path = SellCryptoView.swift; sourceTree = "<group>"; };
		C319FA3E2D81145A0058C4B2 /* BuyCryptoView.swift */ = {isa = PBXFileReference; fileEncoding = 4; lastKnownFileType = sourcecode.swift; path = BuyCryptoView.swift; sourceTree = "<group>"; };
		C319FA432D836C2C0058C4B2 /* UserProfile.swift */ = {isa = PBXFileReference; lastKnownFileType = sourcecode.swift; path = UserProfile.swift; sourceTree = "<group>"; };
		C319FA452D836C5A0058C4B2 /* ApplePay.swift */ = {isa = PBXFileReference; lastKnownFileType = sourcecode.swift; path = ApplePay.swift; sourceTree = "<group>"; };
		C319FA482D836D120058C4B2 /* SharedUIView.swift */ = {isa = PBXFileReference; lastKnownFileType = sourcecode.swift; path = SharedUIView.swift; sourceTree = "<group>"; };
		C319FA962D9B7A000058C4B2 /* TopBar.swift */ = {isa = PBXFileReference; lastKnownFileType = sourcecode.swift; path = TopBar.swift; sourceTree = "<group>"; };
		C319FA982D9B7B000058C4B2 /* EditProfileView.swift */ = {isa = PBXFileReference; lastKnownFileType = sourcecode.swift; path = EditProfileView.swift; sourceTree = "<group>"; };
		C319FA4A2D837C2B0058C4B2 /* CryptoMarketFetcher.swift */ = {isa = PBXFileReference; lastKnownFileType = sourcecode.swift; path = CryptoMarketFetcher.swift; sourceTree = "<group>"; };
		C319FA4C2D837C5E0058C4B2 /* CryptoTrendCardView.swift */ = {isa = PBXFileReference; lastKnownFileType = sourcecode.swift; path = CryptoTrendCardView.swift; sourceTree = "<group>"; };
		C319FA502D86088F0058C4B2 /* GoogleService-Info.plist */ = {isa = PBXFileReference; fileEncoding = 4; lastKnownFileType = text.plist.xml; path = "GoogleService-Info.plist"; sourceTree = "<group>"; };
		C319FA5F2D930C1E0058C4B2 /* DegenSplashScreenView.swift */ = {isa = PBXFileReference; lastKnownFileType = sourcecode.swift; path = DegenSplashScreenView.swift; sourceTree = "<group>"; };
		C319FA622D99B7F50058C4B2 /* AuthManager.swift */ = {isa = PBXFileReference; lastKnownFileType = sourcecode.swift; path = AuthManager.swift; sourceTree = "<group>"; };
		C319FA642D99BC130058C4B2 /* AuthView.swift */ = {isa = PBXFileReference; lastKnownFileType = sourcecode.swift; path = AuthView.swift; sourceTree = "<group>"; };
		C319FA662D99C4D50058C4B2 /* AuthViewModel.swift */ = {isa = PBXFileReference; lastKnownFileType = sourcecode.swift; path = AuthViewModel.swift; sourceTree = "<group>"; };
		C319FA682D9B18390058C4B2 /* DegenTrendingView.swift */ = {isa = PBXFileReference; lastKnownFileType = sourcecode.swift; path = DegenTrendingView.swift; sourceTree = "<group>"; };
		C319FA722D9B4AE20058C4B2 /* DexScreenerTokenProfile.swift */ = {isa = PBXFileReference; lastKnownFileType = sourcecode.swift; path = DexScreenerTokenProfile.swift; sourceTree = "<group>"; };
		C319FA742D9B4B110058C4B2 /* DegenTrendingViewModel.swift */ = {isa = PBXFileReference; lastKnownFileType = sourcecode.swift; path = DegenTrendingViewModel.swift; sourceTree = "<group>"; };
		C319FA762D9B53650058C4B2 /* DegenTradeView.swift */ = {isa = PBXFileReference; lastKnownFileType = sourcecode.swift; path = DegenTradeView.swift; sourceTree = "<group>"; };
		C319FA782D9B54B20058C4B2 /* DegenTradeModels.swift */ = {isa = PBXFileReference; lastKnownFileType = sourcecode.swift; path = DegenTradeModels.swift; sourceTree = "<group>"; };
		C319FA7A2D9B55920058C4B2 /* WalletSocialMediaTracker.swift */ = {isa = PBXFileReference; lastKnownFileType = sourcecode.swift; path = WalletSocialMediaTracker.swift; sourceTree = "<group>"; };
		C319FA7D2D9B61170058C4B2 /* WalletViewModel.swift */ = {isa = PBXFileReference; lastKnownFileType = sourcecode.swift; path = WalletViewModel.swift; sourceTree = "<group>"; };
		C319FA802D9B62210058C4B2 /* CreatePINView.swift */ = {isa = PBXFileReference; lastKnownFileType = sourcecode.swift; path = CreatePINView.swift; sourceTree = "<group>"; };
		C319FA832D9B623A0058C4B2 /* ConfirmPINView.swift */ = {isa = PBXFileReference; lastKnownFileType = sourcecode.swift; path = ConfirmPINView.swift; sourceTree = "<group>"; };
		C319FA862D9B63DB0058C4B2 /* BIometricSetupView.swift */ = {isa = PBXFileReference; lastKnownFileType = sourcecode.swift; path = BIometricSetupView.swift; sourceTree = "<group>"; };
		C319FA892D9B63F90058C4B2 /* SetupCompleteView.swift */ = {isa = PBXFileReference; lastKnownFileType = sourcecode.swift; path = SetupCompleteView.swift; sourceTree = "<group>"; };
		C319FA8C2D9B66530058C4B2 /* BridgeService.swift */ = {isa = PBXFileReference; lastKnownFileType = sourcecode.swift; path = BridgeService.swift; sourceTree = "<group>"; };
		C319FA8E2D9B66E80058C4B2 /* WalletService.swift */ = {isa = PBXFileReference; lastKnownFileType = sourcecode.swift; path = WalletService.swift; sourceTree = "<group>"; };
		C319FA902DA0CB090058C4B2 /* KeychainHelper.swift */ = {isa = PBXFileReference; lastKnownFileType = sourcecode.swift; path = KeychainHelper.swift; sourceTree = "<group>"; };
		C319FA932D9B66530058C4B2 /* PINEntryView.swift */ = {isa = PBXFileReference; lastKnownFileType = sourcecode.swift; path = PINEntryView.swift; sourceTree = "<group>"; };
		C319FA932DA611F10058C4B2 /* ChatroomView.swift */ = {isa = PBXFileReference; lastKnownFileType = sourcecode.swift; path = ChatroomView.swift; sourceTree = "<group>"; };
		C319FA952DA71F420058C4B2 /* CreateIndexes.swift */ = {isa = PBXFileReference; lastKnownFileType = sourcecode.swift; path = CreateIndexes.swift; sourceTree = "<group>"; };
		C319FA972DA7395E0058C4B2 /* News.swift */ = {isa = PBXFileReference; lastKnownFileType = sourcecode.swift; path = News.swift; sourceTree = "<group>"; };
		C319FA992DA743270058C4B2 /* Tweets.swift */ = {isa = PBXFileReference; lastKnownFileType = sourcecode.swift; path = Tweets.swift; sourceTree = "<group>"; };
		C319FAA12DAD55BB0058C4B2 /* SecureSignInFlowView.swift */ = {isa = PBXFileReference; lastKnownFileType = sourcecode.swift; name = SecureSignInFlowView.swift; path = ../SecureSignInFlowView.swift; sourceTree = "<group>"; };
		C319FAA32DAD64E70058C4B2 /* BiometricAuthManager.swift */ = {isa = PBXFileReference; lastKnownFileType = sourcecode.swift; path = BiometricAuthManager.swift; sourceTree = "<group>"; };
		C319FAA52DAD65E70058C4B2 /* WebSocketManager.swift */ = {isa = PBXFileReference; lastKnownFileType = sourcecode.swift; path = WebSocketManager.swift; sourceTree = "<group>"; };
		C388F8912D72437D003FFCFF /* Dojo.app */ = {isa = PBXFileReference; explicitFileType = wrapper.application; includeInIndex = 0; path = Dojo.app; sourceTree = BUILT_PRODUCTS_DIR; };
		C38BADA02E85CD9500DF6FF2 /* .gitignore */ = {isa = PBXFileReference; lastKnownFileType = text; path = .gitignore; sourceTree = "<group>"; };
/* End PBXFileReference section */

/* Begin PBXFrameworksBuildPhase section */
		C388F88E2D72437D003FFCFF /* Frameworks */ = {
			isa = PBXFrameworksBuildPhase;
			buildActionMask = 2147483647;
			files = (
				C319FA542D8619240058C4B2 /* FirebaseAnalytics in Frameworks */,
				C319FA582D8619240058C4B2 /* FirebaseAuthCombine-Community in Frameworks */,
				C300AE652E84CF0900C63E96 /* AWSSQS in Frameworks */,
				C319FA5A2D8619240058C4B2 /* FirebaseDatabase in Frameworks */,
				C319FA5E2D8619240058C4B2 /* FirebaseFirestoreCombine-Community in Frameworks */,
				C319FA5C2D8619240058C4B2 /* FirebaseFirestore in Frameworks */,
				C319FA562D8619240058C4B2 /* FirebaseAuth in Frameworks */,
			);
			runOnlyForDeploymentPostprocessing = 0;
		};
/* End PBXFrameworksBuildPhase section */

/* Begin PBXGroup section */
		C319FA122D8112FF0058C4B2 /* Models */ = {
			isa = PBXGroup;
			children = (
				C319FA972DA7395E0058C4B2 /* News.swift */,
				C319FA432D836C2C0058C4B2 /* UserProfile.swift */,
				C319FA152D8113070058C4B2 /* AnyCodable.swift */,
				C319FA132D8113070058C4B2 /* Asset.swift */,
				C319FA162D8113080058C4B2 /* Chat.swift */,
				C319FA142D8113070058C4B2 /* CoinGecko.swift */,
			);
			path = Models;
			sourceTree = "<group>";
		};
		C319FA1F2D8113660058C4B2 /* API */ = {
			isa = PBXGroup;
			children = (
				C319FAA52DAD65E70058C4B2 /* WebSocketManager.swift */,
				C319FA742D9B4B110058C4B2 /* DegenTrendingViewModel.swift */,
				C319FA722D9B4AE20058C4B2 /* DexScreenerTokenProfile.swift */,
				C319FA4A2D837C2B0058C4B2 /* CryptoMarketFetcher.swift */,
				C319FA452D836C5A0058C4B2 /* ApplePay.swift */,
			);
			path = API;
			sourceTree = "<group>";
		};
		C319FA202D81139F0058C4B2 /* Supporting */ = {
			isa = PBXGroup;
			children = (
				C319FA212D8113A80058C4B2 /* Assets.xcassets */,
				C319FA222D8113A80058C4B2 /* Preview Content */,
			);
			path = Supporting;
			sourceTree = "<group>";
		};
		C319FA252D8113B10058C4B2 /* View */ = {
			isa = PBXGroup;
			children = (
				C319FA922DA611E20058C4B2 /* Sidebar */,
				C319FA472D836D070058C4B2 /* SharedUI */,
				C319FA3B2D8114530058C4B2 /* Spot */,
				C319FA382D8114280058C4B2 /* Portfolio */,
				C319FA352D81141B0058C4B2 /* Maneki */,
				C319FA322D8114130058C4B2 /* Indexes */,
				C319FA2F2D8114020058C4B2 /* Degen */,
				C319FA262D8113C30058C4B2 /* Core */,
			);
			path = View;
			sourceTree = "<group>";
		};
		C319FA262D8113C30058C4B2 /* Core */ = {
			isa = PBXGroup;
			children = (
				C319FA272D8113E40058C4B2 /* ContentView.swift */,
				C319FA282D8113E40058C4B2 /* DojoApp.swift */,
				C319FA2A2D8113E40058C4B2 /* HomePageView.swift */,
			);
			path = Core;
			sourceTree = "<group>";
		};
		C319FA2F2D8114020058C4B2 /* Degen */ = {
			isa = PBXGroup;
			children = (
				C319FA5F2D930C1E0058C4B2 /* DegenSplashScreenView.swift */,
				C319FA682D9B18390058C4B2 /* DegenTrendingView.swift */,
				C319FA8B2D9B663F0058C4B2 /* DegenTrade */,
				C319FA882D9B63F00058C4B2 /* SetupComplete */,
				C319FA852D9B62590058C4B2 /* BiometricSetup */,
				C319FA7F2D9B62150058C4B2 /* PIN */,
				C319FA7C2D9B5F5B0058C4B2 /* WalletSocialMediaTracker */,
			);
			path = Degen;
			sourceTree = "<group>";
		};
		C319FA322D8114130058C4B2 /* Indexes */ = {
			isa = PBXGroup;
			children = (
				C319FA952DA71F420058C4B2 /* CreateIndexes.swift */,
				C319FA332D8114180058C4B2 /* IndexesView.swift */,
			);
			path = Indexes;
			sourceTree = "<group>";
		};
		C319FA352D81141B0058C4B2 /* Maneki */ = {
			isa = PBXGroup;
			children = (
				C319FA362D8114210058C4B2 /* ManekiView.swift */,
			);
			path = Maneki;
			sourceTree = "<group>";
		};
		C319FA382D8114280058C4B2 /* Portfolio */ = {
			isa = PBXGroup;
			children = (
				C319FA392D8114420058C4B2 /* PortfolioView.swift */,
			);
			path = Portfolio;
			sourceTree = "<group>";
		};
		C319FA3B2D8114530058C4B2 /* Spot */ = {
			isa = PBXGroup;
			children = (
				C319FA4C2D837C5E0058C4B2 /* CryptoTrendCardView.swift */,
				C319FA3E2D81145A0058C4B2 /* BuyCryptoView.swift */,
				C319FA3D2D81145A0058C4B2 /* SellCryptoView.swift */,
				C319FA3C2D81145A0058C4B2 /* SpotView.swift */,
			);
			path = Spot;
			sourceTree = "<group>";
		};
		C319FA472D836D070058C4B2 /* SharedUI */ = {
			isa = PBXGroup;
			children = (
				C319FA482D836D120058C4B2 /* SharedUIView.swift */,
				C319FA962D9B7A000058C4B2 /* TopBar.swift */,
				C319FA982D9B7B000058C4B2 /* EditProfileView.swift */,
			);
			path = SharedUI;
			sourceTree = "<group>";
		};
		C319FA612D99B7E70058C4B2 /* Auth */ = {
			isa = PBXGroup;
			children = (
				C319FAA12DAD55BB0058C4B2 /* SecureSignInFlowView.swift */,
				C319FA662D99C4D50058C4B2 /* AuthViewModel.swift */,
				C319FA642D99BC130058C4B2 /* AuthView.swift */,
				C319FA622D99B7F50058C4B2 /* AuthManager.swift */,
			);
			path = Auth;
			sourceTree = "<group>";
		};
		C319FA7C2D9B5F5B0058C4B2 /* WalletSocialMediaTracker */ = {
			isa = PBXGroup;
			children = (
				C319FA7D2D9B61170058C4B2 /* WalletViewModel.swift */,
				C319FA992DA743270058C4B2 /* Tweets.swift */,
				C319FA7A2D9B55920058C4B2 /* WalletSocialMediaTracker.swift */,
			);
			path = WalletSocialMediaTracker;
			sourceTree = "<group>";
		};
		C319FA7F2D9B62150058C4B2 /* PIN */ = {
			isa = PBXGroup;
			children = (
				C319FA902DA0CB090058C4B2 /* KeychainHelper.swift */,
				C319FA832D9B623A0058C4B2 /* ConfirmPINView.swift */,
				C319FA802D9B62210058C4B2 /* CreatePINView.swift */,
				C319FA932D9B66530058C4B2 /* PINEntryView.swift */,
			);
			path = PIN;
			sourceTree = "<group>";
		};
		C319FA852D9B62590058C4B2 /* BiometricSetup */ = {
			isa = PBXGroup;
			children = (
				C319FAA32DAD64E70058C4B2 /* BiometricAuthManager.swift */,
				C319FA862D9B63DB0058C4B2 /* BIometricSetupView.swift */,
			);
			path = BiometricSetup;
			sourceTree = "<group>";
		};
		C319FA882D9B63F00058C4B2 /* SetupComplete */ = {
			isa = PBXGroup;
			children = (
				C319FA892D9B63F90058C4B2 /* SetupCompleteView.swift */,
			);
			path = SetupComplete;
			sourceTree = "<group>";
		};
		C319FA8B2D9B663F0058C4B2 /* DegenTrade */ = {
			isa = PBXGroup;
			children = (
				C319FA8E2D9B66E80058C4B2 /* WalletService.swift */,
				C319FA8C2D9B66530058C4B2 /* BridgeService.swift */,
				C319FA782D9B54B20058C4B2 /* DegenTradeModels.swift */,
				C319FA762D9B53650058C4B2 /* DegenTradeView.swift */,
			);
			path = DegenTrade;
			sourceTree = "<group>";
		};
		C319FA922DA611E20058C4B2 /* Sidebar */ = {
			isa = PBXGroup;
			children = (
				C319FA932DA611F10058C4B2 /* ChatroomView.swift */,
				C319FA292D8113E40058C4B2 /* SidebarView.swift */,
			);
			path = Sidebar;
			sourceTree = "<group>";
		};
		C388F8882D72437D003FFCFF = {
			isa = PBXGroup;
			children = (
				C38BADA02E85CD9500DF6FF2 /* .gitignore */,
				C319FA612D99B7E70058C4B2 /* Auth */,
				C319FA502D86088F0058C4B2 /* GoogleService-Info.plist */,
				C319FA252D8113B10058C4B2 /* View */,
				C319FA202D81139F0058C4B2 /* Supporting */,
				C319FA1F2D8113660058C4B2 /* API */,
				C319FA122D8112FF0058C4B2 /* Models */,
				C388F8922D72437D003FFCFF /* Products */,
			);
			sourceTree = "<group>";
		};
		C388F8922D72437D003FFCFF /* Products */ = {
			isa = PBXGroup;
			children = (
				C388F8912D72437D003FFCFF /* Dojo.app */,
			);
			name = Products;
			sourceTree = "<group>";
		};
/* End PBXGroup section */

/* Begin PBXNativeTarget section */
		C388F8902D72437D003FFCFF /* Dojo */ = {
			isa = PBXNativeTarget;
			buildConfigurationList = C388F89F2D724383003FFCFF /* Build configuration list for PBXNativeTarget "Dojo" */;
			buildPhases = (
				C388F88D2D72437D003FFCFF /* Sources */,
				C388F88E2D72437D003FFCFF /* Frameworks */,
				C388F88F2D72437D003FFCFF /* Resources */,
			);
			buildRules = (
			);
			dependencies = (
			);
			name = Dojo;
			packageProductDependencies = (
				C319FA532D8619240058C4B2 /* FirebaseAnalytics */,
				C319FA552D8619240058C4B2 /* FirebaseAuth */,
				C319FA572D8619240058C4B2 /* FirebaseAuthCombine-Community */,
				C319FA592D8619240058C4B2 /* FirebaseDatabase */,
				C319FA5B2D8619240058C4B2 /* FirebaseFirestore */,
				C319FA5D2D8619240058C4B2 /* FirebaseFirestoreCombine-Community */,
				C300AE642E84CF0900C63E96 /* AWSSQS */,
			);
			productName = Dojo;
			productReference = C388F8912D72437D003FFCFF /* Dojo.app */;
			productType = "com.apple.product-type.application";
		};
/* End PBXNativeTarget section */

/* Begin PBXProject section */
		C388F8892D72437D003FFCFF /* Project object */ = {
			isa = PBXProject;
			attributes = {
				BuildIndependentTargetsInParallel = 1;
				LastSwiftUpdateCheck = 1540;
				LastUpgradeCheck = 1540;
				TargetAttributes = {
					C388F8902D72437D003FFCFF = {
						CreatedOnToolsVersion = 15.4;
						LastSwiftMigration = 1540;
					};
				};
			};
			buildConfigurationList = C388F88C2D72437D003FFCFF /* Build configuration list for PBXProject "Dojo" */;
			compatibilityVersion = "Xcode 14.0";
			developmentRegion = en;
			hasScannedForEncodings = 0;
			knownRegions = (
				en,
				Base,
			);
			mainGroup = C388F8882D72437D003FFCFF;
			packageReferences = (
				C319FA522D8619240058C4B2 /* XCRemoteSwiftPackageReference "firebase-ios-sdk" */,
				C300AE632E84CE3800C63E96 /* XCRemoteSwiftPackageReference "aws-sdk-swift" */,
			);
			productRefGroup = C388F8922D72437D003FFCFF /* Products */;
			projectDirPath = "";
			projectRoot = "";
			targets = (
				C388F8902D72437D003FFCFF /* Dojo */,
			);
		};
/* End PBXProject section */

/* Begin PBXResourcesBuildPhase section */
		C388F88F2D72437D003FFCFF /* Resources */ = {
			isa = PBXResourcesBuildPhase;
			buildActionMask = 2147483647;
			files = (
				C38BADA12E85CD9500DF6FF2 /* .gitignore in Resources */,
				C319FA242D8113A80058C4B2 /* Preview Content in Resources */,
				C319FA232D8113A80058C4B2 /* Assets.xcassets in Resources */,
				C319FA512D86088F0058C4B2 /* GoogleService-Info.plist in Resources */,
			);
			runOnlyForDeploymentPostprocessing = 0;
		};
/* End PBXResourcesBuildPhase section */

/* Begin PBXSourcesBuildPhase section */
		C388F88D2D72437D003FFCFF /* Sources */ = {
			isa = PBXSourcesBuildPhase;
			buildActionMask = 2147483647;
			files = (
				C319FA3F2D81145A0058C4B2 /* SpotView.swift in Sources */,
				C319FA4D2D837C5E0058C4B2 /* CryptoTrendCardView.swift in Sources */,
				C319FA732D9B4AE20058C4B2 /* DexScreenerTokenProfile.swift in Sources */,
				C319FA462D836C5A0058C4B2 /* ApplePay.swift in Sources */,
				C319FA8A2D9B63F90058C4B2 /* SetupCompleteView.swift in Sources */,
				C319FA8F2D9B66E80058C4B2 /* WalletService.swift in Sources */,
				C319FA812D9B62210058C4B2 /* CreatePINView.swift in Sources */,
				C319FA8E2D9B66530058C4B2 /* PINEntryView.swift in Sources */,
				C319FA342D8114180058C4B2 /* IndexesView.swift in Sources */,
				C319FA7B2D9B55920058C4B2 /* WalletSocialMediaTracker.swift in Sources */,
				C319FA772D9B53660058C4B2 /* DegenTradeView.swift in Sources */,
				C319FA752D9B4B110058C4B2 /* DegenTrendingViewModel.swift in Sources */,
				C319FA182D8113080058C4B2 /* CoinGecko.swift in Sources */,
				C319FA492D836D120058C4B2 /* SharedUIView.swift in Sources */,
				C319FA972D9B7A000058C4B2 /* TopBar.swift in Sources */,
				C319FA992D9B7B000058C4B2 /* EditProfileView.swift in Sources */,
				C319FA8D2D9B66530058C4B2 /* BridgeService.swift in Sources */,
				C319FA792D9B54B20058C4B2 /* DegenTradeModels.swift in Sources */,
				C319FAA42DAD64E70058C4B2 /* BiometricAuthManager.swift in Sources */,
				C319FA652D99BC130058C4B2 /* AuthView.swift in Sources */,
				C319FA2D2D8113E40058C4B2 /* SidebarView.swift in Sources */,
				C319FA372D8114210058C4B2 /* ManekiView.swift in Sources */,
				C319FA982DA7395E0058C4B2 /* News.swift in Sources */,
				C319FA1A2D8113080058C4B2 /* Chat.swift in Sources */,
				C319FA2B2D8113E40058C4B2 /* ContentView.swift in Sources */,
				C319FA2C2D8113E40058C4B2 /* DojoApp.swift in Sources */,
				C319FA412D81145A0058C4B2 /* BuyCryptoView.swift in Sources */,
				C319FA912DA0CB090058C4B2 /* KeychainHelper.swift in Sources */,
				C319FA172D8113080058C4B2 /* Asset.swift in Sources */,
				C319FA602D930C1E0058C4B2 /* DegenSplashScreenView.swift in Sources */,
				C319FA872D9B63DB0058C4B2 /* BIometricSetupView.swift in Sources */,
				C319FAA22DAD55BB0058C4B2 /* SecureSignInFlowView.swift in Sources */,
				C319FA962DA71F420058C4B2 /* CreateIndexes.swift in Sources */,
				C319FA2E2D8113E40058C4B2 /* HomePageView.swift in Sources */,
				C319FA4B2D837C2B0058C4B2 /* CryptoMarketFetcher.swift in Sources */,
				C319FA842D9B623A0058C4B2 /* ConfirmPINView.swift in Sources */,
				C319FA192D8113080058C4B2 /* AnyCodable.swift in Sources */,
				C319FA7E2D9B61170058C4B2 /* WalletViewModel.swift in Sources */,
				C319FA942DA611F10058C4B2 /* ChatroomView.swift in Sources */,
				C319FA9A2DA743270058C4B2 /* Tweets.swift in Sources */,
				C319FA692D9B18390058C4B2 /* DegenTrendingView.swift in Sources */,
				C319FA402D81145A0058C4B2 /* SellCryptoView.swift in Sources */,
				C319FA672D99C4D50058C4B2 /* AuthViewModel.swift in Sources */,
				C319FA632D99B7F50058C4B2 /* AuthManager.swift in Sources */,
				C319FA3A2D8114420058C4B2 /* PortfolioView.swift in Sources */,
				C319FA442D836C2C0058C4B2 /* UserProfile.swift in Sources */,
				C319FAA62DAD65E70058C4B2 /* WebSocketManager.swift in Sources */,
			);
			runOnlyForDeploymentPostprocessing = 0;
		};
/* End PBXSourcesBuildPhase section */

/* Begin XCBuildConfiguration section */
		C388F89D2D724383003FFCFF /* Debug */ = {
			isa = XCBuildConfiguration;
			buildSettings = {
				ALWAYS_SEARCH_USER_PATHS = NO;
				ASSETCATALOG_COMPILER_GENERATE_SWIFT_ASSET_SYMBOL_EXTENSIONS = YES;
				CLANG_ANALYZER_NONNULL = YES;
				CLANG_ANALYZER_NUMBER_OBJECT_CONVERSION = YES_AGGRESSIVE;
				CLANG_CXX_LANGUAGE_STANDARD = "gnu++20";
				CLANG_ENABLE_MODULES = YES;
				CLANG_ENABLE_OBJC_ARC = YES;
				CLANG_ENABLE_OBJC_WEAK = YES;
				CLANG_WARN_BLOCK_CAPTURE_AUTORELEASING = YES;
				CLANG_WARN_BOOL_CONVERSION = YES;
				CLANG_WARN_COMMA = YES;
				CLANG_WARN_CONSTANT_CONVERSION = YES;
				CLANG_WARN_DEPRECATED_OBJC_IMPLEMENTATIONS = YES;
				CLANG_WARN_DIRECT_OBJC_ISA_USAGE = YES_ERROR;
				CLANG_WARN_DOCUMENTATION_COMMENTS = YES;
				CLANG_WARN_EMPTY_BODY = YES;
				CLANG_WARN_ENUM_CONVERSION = YES;
				CLANG_WARN_INFINITE_RECURSION = YES;
				CLANG_WARN_INT_CONVERSION = YES;
				CLANG_WARN_NON_LITERAL_NULL_CONVERSION = YES;
				CLANG_WARN_OBJC_IMPLICIT_RETAIN_SELF = YES;
				CLANG_WARN_OBJC_LITERAL_CONVERSION = YES;
				CLANG_WARN_OBJC_ROOT_CLASS = YES_ERROR;
				CLANG_WARN_QUOTED_INCLUDE_IN_FRAMEWORK_HEADER = YES;
				CLANG_WARN_RANGE_LOOP_ANALYSIS = YES;
				CLANG_WARN_STRICT_PROTOTYPES = YES;
				CLANG_WARN_SUSPICIOUS_MOVE = YES;
				CLANG_WARN_UNGUARDED_AVAILABILITY = YES_AGGRESSIVE;
				CLANG_WARN_UNREACHABLE_CODE = YES;
				CLANG_WARN__DUPLICATE_METHOD_MATCH = YES;
				COPY_PHASE_STRIP = NO;
				DEBUG_INFORMATION_FORMAT = dwarf;
				ENABLE_STRICT_OBJC_MSGSEND = YES;
				ENABLE_TESTABILITY = YES;
				ENABLE_USER_SCRIPT_SANDBOXING = YES;
				GCC_C_LANGUAGE_STANDARD = gnu17;
				GCC_DYNAMIC_NO_PIC = NO;
				GCC_NO_COMMON_BLOCKS = YES;
				GCC_OPTIMIZATION_LEVEL = 0;
				GCC_PREPROCESSOR_DEFINITIONS = (
					"DEBUG=1",
					"$(inherited)",
				);
				GCC_WARN_64_TO_32_BIT_CONVERSION = YES;
				GCC_WARN_ABOUT_RETURN_TYPE = YES_ERROR;
				GCC_WARN_UNDECLARED_SELECTOR = YES;
				GCC_WARN_UNINITIALIZED_AUTOS = YES_AGGRESSIVE;
				GCC_WARN_UNUSED_FUNCTION = YES;
				GCC_WARN_UNUSED_VARIABLE = YES;
				IPHONEOS_DEPLOYMENT_TARGET = 17.5;
				LOCALIZATION_PREFERS_STRING_CATALOGS = YES;
				MTL_ENABLE_DEBUG_INFO = INCLUDE_SOURCE;
				MTL_FAST_MATH = YES;
				ONLY_ACTIVE_ARCH = YES;
				SDKROOT = iphoneos;
				SWIFT_ACTIVE_COMPILATION_CONDITIONS = "DEBUG $(inherited)";
				SWIFT_OPTIMIZATION_LEVEL = "-Onone";
			};
			name = Debug;
		};
		C388F89E2D724383003FFCFF /* Release */ = {
			isa = XCBuildConfiguration;
			buildSettings = {
				ALWAYS_SEARCH_USER_PATHS = NO;
				ASSETCATALOG_COMPILER_GENERATE_SWIFT_ASSET_SYMBOL_EXTENSIONS = YES;
				CLANG_ANALYZER_NONNULL = YES;
				CLANG_ANALYZER_NUMBER_OBJECT_CONVERSION = YES_AGGRESSIVE;
				CLANG_CXX_LANGUAGE_STANDARD = "gnu++20";
				CLANG_ENABLE_MODULES = YES;
				CLANG_ENABLE_OBJC_ARC = YES;
				CLANG_ENABLE_OBJC_WEAK = YES;
				CLANG_WARN_BLOCK_CAPTURE_AUTORELEASING = YES;
				CLANG_WARN_BOOL_CONVERSION = YES;
				CLANG_WARN_COMMA = YES;
				CLANG_WARN_CONSTANT_CONVERSION = YES;
				CLANG_WARN_DEPRECATED_OBJC_IMPLEMENTATIONS = YES;
				CLANG_WARN_DIRECT_OBJC_ISA_USAGE = YES_ERROR;
				CLANG_WARN_DOCUMENTATION_COMMENTS = YES;
				CLANG_WARN_EMPTY_BODY = YES;
				CLANG_WARN_ENUM_CONVERSION = YES;
				CLANG_WARN_INFINITE_RECURSION = YES;
				CLANG_WARN_INT_CONVERSION = YES;
				CLANG_WARN_NON_LITERAL_NULL_CONVERSION = YES;
				CLANG_WARN_OBJC_IMPLICIT_RETAIN_SELF = YES;
				CLANG_WARN_OBJC_LITERAL_CONVERSION = YES;
				CLANG_WARN_OBJC_ROOT_CLASS = YES_ERROR;
				CLANG_WARN_QUOTED_INCLUDE_IN_FRAMEWORK_HEADER = YES;
				CLANG_WARN_RANGE_LOOP_ANALYSIS = YES;
				CLANG_WARN_STRICT_PROTOTYPES = YES;
				CLANG_WARN_SUSPICIOUS_MOVE = YES;
				CLANG_WARN_UNGUARDED_AVAILABILITY = YES_AGGRESSIVE;
				CLANG_WARN_UNREACHABLE_CODE = YES;
				CLANG_WARN__DUPLICATE_METHOD_MATCH = YES;
				COPY_PHASE_STRIP = NO;
				DEBUG_INFORMATION_FORMAT = "dwarf-with-dsym";
				ENABLE_NS_ASSERTIONS = NO;
				ENABLE_STRICT_OBJC_MSGSEND = YES;
				ENABLE_USER_SCRIPT_SANDBOXING = YES;
				GCC_C_LANGUAGE_STANDARD = gnu17;
				GCC_NO_COMMON_BLOCKS = YES;
				GCC_WARN_64_TO_32_BIT_CONVERSION = YES;
				GCC_WARN_ABOUT_RETURN_TYPE = YES_ERROR;
				GCC_WARN_UNDECLARED_SELECTOR = YES;
				GCC_WARN_UNINITIALIZED_AUTOS = YES_AGGRESSIVE;
				GCC_WARN_UNUSED_FUNCTION = YES;
				GCC_WARN_UNUSED_VARIABLE = YES;
				IPHONEOS_DEPLOYMENT_TARGET = 17.5;
				LOCALIZATION_PREFERS_STRING_CATALOGS = YES;
				MTL_ENABLE_DEBUG_INFO = NO;
				MTL_FAST_MATH = YES;
				SDKROOT = iphoneos;
				SWIFT_COMPILATION_MODE = wholemodule;
				VALIDATE_PRODUCT = YES;
			};
			name = Release;
		};
		C388F8A02D724383003FFCFF /* Debug */ = {
			isa = XCBuildConfiguration;
			buildSettings = {
				ASSETCATALOG_COMPILER_APPICON_NAME = AppIcon;
				ASSETCATALOG_COMPILER_GLOBAL_ACCENT_COLOR_NAME = AccentColor;
				CLANG_ENABLE_MODULES = YES;
				CODE_SIGN_STYLE = Automatic;
				CURRENT_PROJECT_VERSION = 1;
				DEVELOPMENT_ASSET_PATHS = "\"Supporting/Preview Content\"";
				DEVELOPMENT_TEAM = 2A887D7V9A;
				ENABLE_PREVIEWS = YES;
				GENERATE_INFOPLIST_FILE = YES;
				INFOPLIST_KEY_NSFaceIDUsageDescription = "We use Face ID to securely authenticate you and protect your account.";
				INFOPLIST_KEY_UIApplicationSceneManifest_Generation = YES;
				INFOPLIST_KEY_UIApplicationSupportsIndirectInputEvents = YES;
				INFOPLIST_KEY_UILaunchScreen_Generation = YES;
				INFOPLIST_KEY_UISupportedInterfaceOrientations_iPad = UIInterfaceOrientationPortrait;
				INFOPLIST_KEY_UISupportedInterfaceOrientations_iPhone = "UIInterfaceOrientationPortrait UIInterfaceOrientationLandscapeLeft UIInterfaceOrientationLandscapeRight";
				LD_RUNPATH_SEARCH_PATHS = (
					"$(inherited)",
					"@executable_path/Frameworks",
				);
				MARKETING_VERSION = 1.0;
				PRODUCT_BUNDLE_IDENTIFIER = rayconghou.Dojo;
				PRODUCT_NAME = "$(TARGET_NAME)";
				SWIFT_EMIT_LOC_STRINGS = YES;
				SWIFT_OPTIMIZATION_LEVEL = "-Onone";
				SWIFT_VERSION = 5.0;
				TARGETED_DEVICE_FAMILY = "1,2";
			};
			name = Debug;
		};
		C388F8A12D724383003FFCFF /* Release */ = {
			isa = XCBuildConfiguration;
			buildSettings = {
				ASSETCATALOG_COMPILER_APPICON_NAME = AppIcon;
				ASSETCATALOG_COMPILER_GLOBAL_ACCENT_COLOR_NAME = AccentColor;
				CLANG_ENABLE_MODULES = YES;
				CODE_SIGN_STYLE = Automatic;
				CURRENT_PROJECT_VERSION = 1;
				DEVELOPMENT_ASSET_PATHS = "\"Supporting/Preview Content\"";
				DEVELOPMENT_TEAM = 2A887D7V9A;
				ENABLE_PREVIEWS = YES;
				GENERATE_INFOPLIST_FILE = YES;
				INFOPLIST_KEY_NSFaceIDUsageDescription = "We use Face ID to securely authenticate you and protect your account.";
				INFOPLIST_KEY_UIApplicationSceneManifest_Generation = YES;
				INFOPLIST_KEY_UIApplicationSupportsIndirectInputEvents = YES;
				INFOPLIST_KEY_UILaunchScreen_Generation = YES;
				INFOPLIST_KEY_UISupportedInterfaceOrientations_iPad = UIInterfaceOrientationPortrait;
				INFOPLIST_KEY_UISupportedInterfaceOrientations_iPhone = "UIInterfaceOrientationPortrait UIInterfaceOrientationLandscapeLeft UIInterfaceOrientationLandscapeRight";
				LD_RUNPATH_SEARCH_PATHS = (
					"$(inherited)",
					"@executable_path/Frameworks",
				);
				MARKETING_VERSION = 1.0;
				PRODUCT_BUNDLE_IDENTIFIER = rayconghou.Dojo;
				PRODUCT_NAME = "$(TARGET_NAME)";
				SWIFT_EMIT_LOC_STRINGS = YES;
				SWIFT_VERSION = 5.0;
				TARGETED_DEVICE_FAMILY = "1,2";
			};
			name = Release;
		};
/* End XCBuildConfiguration section */

/* Begin XCConfigurationList section */
		C388F88C2D72437D003FFCFF /* Build configuration list for PBXProject "Dojo" */ = {
			isa = XCConfigurationList;
			buildConfigurations = (
				C388F89D2D724383003FFCFF /* Debug */,
				C388F89E2D724383003FFCFF /* Release */,
			);
			defaultConfigurationIsVisible = 0;
			defaultConfigurationName = Release;
		};
		C388F89F2D724383003FFCFF /* Build configuration list for PBXNativeTarget "Dojo" */ = {
			isa = XCConfigurationList;
			buildConfigurations = (
				C388F8A02D724383003FFCFF /* Debug */,
				C388F8A12D724383003FFCFF /* Release */,
			);
			defaultConfigurationIsVisible = 0;
			defaultConfigurationName = Release;
		};
/* End XCConfigurationList section */

/* Begin XCRemoteSwiftPackageReference section */
		C300AE632E84CE3800C63E96 /* XCRemoteSwiftPackageReference "aws-sdk-swift" */ = {
			isa = XCRemoteSwiftPackageReference;
			repositoryURL = "https://github.com/awslabs/aws-sdk-swift";
			requirement = {
				kind = upToNextMajorVersion;
				minimumVersion = 1.5.49;
			};
		};
		C319FA522D8619240058C4B2 /* XCRemoteSwiftPackageReference "firebase-ios-sdk" */ = {
			isa = XCRemoteSwiftPackageReference;
			repositoryURL = "https://github.com/firebase/firebase-ios-sdk";
			requirement = {
				kind = upToNextMajorVersion;
				minimumVersion = 11.9.0;
			};
		};
/* End XCRemoteSwiftPackageReference section */

/* Begin XCSwiftPackageProductDependency section */
		C300AE642E84CF0900C63E96 /* AWSSQS */ = {
			isa = XCSwiftPackageProductDependency;
			package = C300AE632E84CE3800C63E96 /* XCRemoteSwiftPackageReference "aws-sdk-swift" */;
			productName = AWSSQS;
		};
		C319FA532D8619240058C4B2 /* FirebaseAnalytics */ = {
			isa = XCSwiftPackageProductDependency;
			package = C319FA522D8619240058C4B2 /* XCRemoteSwiftPackageReference "firebase-ios-sdk" */;
			productName = FirebaseAnalytics;
		};
		C319FA552D8619240058C4B2 /* FirebaseAuth */ = {
			isa = XCSwiftPackageProductDependency;
			package = C319FA522D8619240058C4B2 /* XCRemoteSwiftPackageReference "firebase-ios-sdk" */;
			productName = FirebaseAuth;
		};
		C319FA572D8619240058C4B2 /* FirebaseAuthCombine-Community */ = {
			isa = XCSwiftPackageProductDependency;
			package = C319FA522D8619240058C4B2 /* XCRemoteSwiftPackageReference "firebase-ios-sdk" */;
			productName = "FirebaseAuthCombine-Community";
		};
		C319FA592D8619240058C4B2 /* FirebaseDatabase */ = {
			isa = XCSwiftPackageProductDependency;
			package = C319FA522D8619240058C4B2 /* XCRemoteSwiftPackageReference "firebase-ios-sdk" */;
			productName = FirebaseDatabase;
		};
		C319FA5B2D8619240058C4B2 /* FirebaseFirestore */ = {
			isa = XCSwiftPackageProductDependency;
			package = C319FA522D8619240058C4B2 /* XCRemoteSwiftPackageReference "firebase-ios-sdk" */;
			productName = FirebaseFirestore;
		};
		C319FA5D2D8619240058C4B2 /* FirebaseFirestoreCombine-Community */ = {
			isa = XCSwiftPackageProductDependency;
			package = C319FA522D8619240058C4B2 /* XCRemoteSwiftPackageReference "firebase-ios-sdk" */;
			productName = "FirebaseFirestoreCombine-Community";
		};
/* End XCSwiftPackageProductDependency section */
	};
	rootObject = C388F8892D72437D003FFCFF /* Project object */;
}
